
Microsoft Visual Studio Solution File, Format Version 12.00
# Visual Studio Version 16
VisualStudioVersion = 16.0.31515.178
MinimumVisualStudioVersion = 10.0.40219.1
Project("{FAE04EC0-301F-11D3-BF4B-00C04F79EFBC}") = "PortfolioProject", "PortfolioProject\PortfolioProject.csproj", "{DA4EAAF5-3FF4-4FBE-A714-D77381F6699E}"
EndProject
Global
	GlobalSection(SolutionConfigurationPlatforms) = preSolution
		Debug|Any CPU = Debug|Any CPU
		Release|Any CPU = Release|Any CPU
	EndGlobalSection
	GlobalSection(ProjectConfigurationPlatforms) = postSolution
		{DA4EAAF5-3FF4-4FBE-A714-D77381F6699E}.Debug|Any CPU.ActiveCfg = Debug|Any CPU
		{DA4EAAF5-3FF4-4FBE-A714-D77381F6699E}.Debug|Any CPU.Build.0 = Debug|Any CPU
		{DA4EAAF5-3FF4-4FBE-A714-D77381F6699E}.Release|Any CPU.ActiveCfg = Release|Any CPU
		{DA4EAAF5-3FF4-4FBE-A714-D77381F6699E}.Release|Any CPU.Build.0 = Release|Any CPU
	EndGlobalSection
	GlobalSection(SolutionProperties) = preSolution
		HideSolutionNode = FALSE
	EndGlobalSection
	GlobalSection(ExtensibilityGlobals) = postSolution
		SolutionGuid = {B0A36F26-3191-49E7-84C6-2DBD73629A0F}
	EndGlobalSection
EndGlobal
